// !$*UTF8*$!
{
	archiveVersion = 1;
	classes = {
	};
	objectVersion = 46;
	objects = {

/* Begin PBXBuildFile section */
		04C2E0291C5855ED00B4B554 /* main.m in Sources */ = {isa = PBXBuildFile; fileRef = 04C2E0281C5855ED00B4B554 /* main.m */; };
		04C2E02C1C5855ED00B4B554 /* AppDelegate.m in Sources */ = {isa = PBXBuildFile; fileRef = 04C2E02B1C5855ED00B4B554 /* AppDelegate.m */; };
		04C2E02F1C5855ED00B4B554 /* ViewController.m in Sources */ = {isa = PBXBuildFile; fileRef = 04C2E02E1C5855ED00B4B554 /* ViewController.m */; };
		04C2E0321C5855ED00B4B554 /* Main.storyboard in Resources */ = {isa = PBXBuildFile; fileRef = 04C2E0301C5855ED00B4B554 /* Main.storyboard */; };
		04C2E0341C5855ED00B4B554 /* Assets.xcassets in Resources */ = {isa = PBXBuildFile; fileRef = 04C2E0331C5855ED00B4B554 /* Assets.xcassets */; };
		04C2E0371C5855ED00B4B554 /* LaunchScreen.storyboard in Resources */ = {isa = PBXBuildFile; fileRef = 04C2E0351C5855ED00B4B554 /* LaunchScreen.storyboard */; };
		04C2E0421C5855ED00B4B554 /* PostRequestTests.m in Sources */ = {isa = PBXBuildFile; fileRef = 04C2E0411C5855ED00B4B554 /* PostRequestTests.m */; };
		04C2E04D1C5855ED00B4B554 /* PostRequestUITests.m in Sources */ = {isa = PBXBuildFile; fileRef = 04C2E04C1C5855ED00B4B554 /* PostRequestUITests.m */; };
/* End PBXBuildFile section */

/* Begin PBXContainerItemProxy section */
		04C2E03E1C5855ED00B4B554 /* PBXContainerItemProxy */ = {
			isa = PBXContainerItemProxy;
			containerPortal = 04C2E01C1C5855ED00B4B554 /* Project object */;
			proxyType = 1;
			remoteGlobalIDString = 04C2E0231C5855ED00B4B554;
			remoteInfo = PostRequest;
		};
		04C2E0491C5855ED00B4B554 /* PBXContainerItemProxy */ = {
			isa = PBXContainerItemProxy;
			containerPortal = 04C2E01C1C5855ED00B4B554 /* Project object */;
			proxyType = 1;
			remoteGlobalIDString = 04C2E0231C5855ED00B4B554;
			remoteInfo = PostRequest;
		};
/* End PBXContainerItemProxy section */

/* Begin PBXFileReference section */
		04C2E0241C5855ED00B4B554 /* PostRequest.app */ = {isa = PBXFileReference; explicitFileType = wrapper.application; includeInIndex = 0; path = PostRequest.app; sourceTree = BUILT_PRODUCTS_DIR; };
		04C2E0281C5855ED00B4B554 /* main.m */ = {isa = PBXFileReference; lastKnownFileType = sourcecode.c.objc; path = main.m; sourceTree = "<group>"; };
		04C2E02A1C5855ED00B4B554 /* AppDelegate.h */ = {isa = PBXFileReference; lastKnownFileType = sourcecode.c.h; path = AppDelegate.h; sourceTree = "<group>"; };
		04C2E02B1C5855ED00B4B554 /* AppDelegate.m */ = {isa = PBXFileReference; lastKnownFileType = sourcecode.c.objc; path = AppDelegate.m; sourceTree = "<group>"; };
		04C2E02D1C5855ED00B4B554 /* ViewController.h */ = {isa = PBXFileReference; lastKnownFileType = sourcecode.c.h; path = ViewController.h; sourceTree = "<group>"; };
		04C2E02E1C5855ED00B4B554 /* ViewController.m */ = {isa = PBXFileReference; lastKnownFileType = sourcecode.c.objc; path = ViewController.m; sourceTree = "<group>"; };
		04C2E0311C5855ED00B4B554 /* Base */ = {isa = PBXFileReference; lastKnownFileType = file.storyboard; name = Base; path = Base.lproj/Main.storyboard; sourceTree = "<group>"; };
		04C2E0331C5855ED00B4B554 /* Assets.xcassets */ = {isa = PBXFileReference; lastKnownFileType = folder.assetcatalog; path = Assets.xcassets; sourceTree = "<group>"; };
		04C2E0361C5855ED00B4B554 /* Base */ = {isa = PBXFileReference; lastKnownFileType = file.storyboard; name = Base; path = Base.lproj/LaunchScreen.storyboard; sourceTree = "<group>"; };
		04C2E0381C5855ED00B4B554 /* Info.plist */ = {isa = PBXFileReference; lastKnownFileType = text.plist.xml; path = Info.plist; sourceTree = "<group>"; };
		04C2E03D1C5855ED00B4B554 /* PostRequestTests.xctest */ = {isa = PBXFileReference; explicitFileType = wrapper.cfbundle; includeInIndex = 0; path = PostRequestTests.xctest; sourceTree = BUILT_PRODUCTS_DIR; };
		04C2E0411C5855ED00B4B554 /* PostRequestTests.m */ = {isa = PBXFileReference; lastKnownFileType = sourcecode.c.objc; path = PostRequestTests.m; sourceTree = "<group>"; };
		04C2E0431C5855ED00B4B554 /* Info.plist */ = {isa = PBXFileReference; lastKnownFileType = text.plist.xml; path = Info.plist; sourceTree = "<group>"; };
		04C2E0481C5855ED00B4B554 /* PostRequestUITests.xctest */ = {isa = PBXFileReference; explicitFileType = wrapper.cfbundle; includeInIndex = 0; path = PostRequestUITests.xctest; sourceTree = BUILT_PRODUCTS_DIR; };
		04C2E04C1C5855ED00B4B554 /* PostRequestUITests.m */ = {isa = PBXFileReference; lastKnownFileType = sourcecode.c.objc; path = PostRequestUITests.m; sourceTree = "<group>"; };
		04C2E04E1C5855ED00B4B554 /* Info.plist */ = {isa = PBXFileReference; lastKnownFileType = text.plist.xml; path = Info.plist; sourceTree = "<group>"; };
/* End PBXFileReference section */

/* Begin PBXFrameworksBuildPhase section */
		04C2E0211C5855ED00B4B554 /* Frameworks */ = {
			isa = PBXFrameworksBuildPhase;
			buildActionMask = 2147483647;
			files = (
			);
			runOnlyForDeploymentPostprocessing = 0;
		};
		04C2E03A1C5855ED00B4B554 /* Frameworks */ = {
			isa = PBXFrameworksBuildPhase;
			buildActionMask = 2147483647;
			files = (
			);
			runOnlyForDeploymentPostprocessing = 0;
		};
		04C2E0451C5855ED00B4B554 /* Frameworks */ = {
			isa = PBXFrameworksBuildPhase;
			buildActionMask = 2147483647;
			files = (
			);
			runOnlyForDeploymentPostprocessing = 0;
		};
/* End PBXFrameworksBuildPhase section */

/* Begin PBXGroup section */
		04C2E01B1C5855ED00B4B554 = {
			isa = PBXGroup;
			children = (
				04C2E0261C5855ED00B4B554 /* PostRequest */,
				04C2E0401C5855ED00B4B554 /* PostRequestTests */,
				04C2E04B1C5855ED00B4B554 /* PostRequestUITests */,
				04C2E0251C5855ED00B4B554 /* Products */,
			);
			sourceTree = "<group>";
		};
		04C2E0251C5855ED00B4B554 /* Products */ = {
			isa = PBXGroup;
			children = (
				04C2E0241C5855ED00B4B554 /* PostRequest.app */,
				04C2E03D1C5855ED00B4B554 /* PostRequestTests.xctest */,
				04C2E0481C5855ED00B4B554 /* PostRequestUITests.xctest */,
			);
			name = Products;
			sourceTree = "<group>";
		};
		04C2E0261C5855ED00B4B554 /* PostRequest */ = {
			isa = PBXGroup;
			children = (
				04C2E02A1C5855ED00B4B554 /* AppDelegate.h */,
				04C2E02B1C5855ED00B4B554 /* AppDelegate.m */,
				04C2E02D1C5855ED00B4B554 /* ViewController.h */,
				04C2E02E1C5855ED00B4B554 /* ViewController.m */,
				04C2E0301C5855ED00B4B554 /* Main.storyboard */,
				04C2E0331C5855ED00B4B554 /* Assets.xcassets */,
				04C2E0351C5855ED00B4B554 /* LaunchScreen.storyboard */,
				04C2E0381C5855ED00B4B554 /* Info.plist */,
				04C2E0271C5855ED00B4B554 /* Supporting Files */,
			);
			path = PostRequest;
			sourceTree = "<group>";
		};
		04C2E0271C5855ED00B4B554 /* Supporting Files */ = {
			isa = PBXGroup;
			children = (
				04C2E0281C5855ED00B4B554 /* main.m */,
			);
			name = "Supporting Files";
			sourceTree = "<group>";
		};
		04C2E0401C5855ED00B4B554 /* PostRequestTests */ = {
			isa = PBXGroup;
			children = (
				04C2E0411C5855ED00B4B554 /* PostRequestTests.m */,
				04C2E0431C5855ED00B4B554 /* Info.plist */,
			);
			path = PostRequestTests;
			sourceTree = "<group>";
		};
		04C2E04B1C5855ED00B4B554 /* PostRequestUITests */ = {
			isa = PBXGroup;
			children = (
				04C2E04C1C5855ED00B4B554 /* PostRequestUITests.m */,
				04C2E04E1C5855ED00B4B554 /* Info.plist */,
			);
			path = PostRequestUITests;
			sourceTree = "<group>";
		};
/* End PBXGroup section */

/* Begin PBXNativeTarget section */
		04C2E0231C5855ED00B4B554 /* PostRequest */ = {
			isa = PBXNativeTarget;
			buildConfigurationList = 04C2E0511C5855ED00B4B554 /* Build configuration list for PBXNativeTarget "PostRequest" */;
			buildPhases = (
				04C2E0201C5855ED00B4B554 /* Sources */,
				04C2E0211C5855ED00B4B554 /* Frameworks */,
				04C2E0221C5855ED00B4B554 /* Resources */,
			);
			buildRules = (
			);
			dependencies = (
			);
			name = PostRequest;
			productName = PostRequest;
			productReference = 04C2E0241C5855ED00B4B554 /* PostRequest.app */;
			productType = "com.apple.product-type.application";
		};
		04C2E03C1C5855ED00B4B554 /* PostRequestTests */ = {
			isa = PBXNativeTarget;
			buildConfigurationList = 04C2E0541C5855ED00B4B554 /* Build configuration list for PBXNativeTarget "PostRequestTests" */;
			buildPhases = (
				04C2E0391C5855ED00B4B554 /* Sources */,
				04C2E03A1C5855ED00B4B554 /* Frameworks */,
				04C2E03B1C5855ED00B4B554 /* Resources */,
			);
			buildRules = (
			);
			dependencies = (
				04C2E03F1C5855ED00B4B554 /* PBXTargetDependency */,
			);
			name = PostRequestTests;
			productName = PostRequestTests;
			productReference = 04C2E03D1C5855ED00B4B554 /* PostRequestTests.xctest */;
			productType = "com.apple.product-type.bundle.unit-test";
		};
		04C2E0471C5855ED00B4B554 /* PostRequestUITests */ = {
			isa = PBXNativeTarget;
			buildConfigurationList = 04C2E0571C5855ED00B4B554 /* Build configuration list for PBXNativeTarget "PostRequestUITests" */;
			buildPhases = (
				04C2E0441C5855ED00B4B554 /* Sources */,
				04C2E0451C5855ED00B4B554 /* Frameworks */,
				04C2E0461C5855ED00B4B554 /* Resources */,
			);
			buildRules = (
			);
			dependencies = (
				04C2E04A1C5855ED00B4B554 /* PBXTargetDependency */,
			);
			name = PostRequestUITests;
			productName = PostRequestUITests;
			productReference = 04C2E0481C5855ED00B4B554 /* PostRequestUITests.xctest */;
			productType = "com.apple.product-type.bundle.ui-testing";
		};
/* End PBXNativeTarget section */

/* Begin PBXProject section */
		04C2E01C1C5855ED00B4B554 /* Project object */ = {
			isa = PBXProject;
			attributes = {
				LastUpgradeCheck = 0710;
				ORGANIZATIONNAME = "鲁振";
				TargetAttributes = {
					04C2E0231C5855ED00B4B554 = {
						CreatedOnToolsVersion = 7.1;
					};
					04C2E03C1C5855ED00B4B554 = {
						CreatedOnToolsVersion = 7.1;
						TestTargetID = 04C2E0231C5855ED00B4B554;
					};
					04C2E0471C5855ED00B4B554 = {
						CreatedOnToolsVersion = 7.1;
						TestTargetID = 04C2E0231C5855ED00B4B554;
					};
				};
			};
			buildConfigurationList = 04C2E01F1C5855ED00B4B554 /* Build configuration list for PBXProject "PostRequest" */;
			compatibilityVersion = "Xcode 3.2";
			developmentRegion = English;
			hasScannedForEncodings = 0;
			knownRegions = (
				en,
				Base,
			);
			mainGroup = 04C2E01B1C5855ED00B4B554;
			productRefGroup = 04C2E0251C5855ED00B4B554 /* Products */;
			projectDirPath = "";
			projectRoot = "";
			targets = (
				04C2E0231C5855ED00B4B554 /* PostRequest */,
				04C2E03C1C5855ED00B4B554 /* PostRequestTests */,
				04C2E0471C5855ED00B4B554 /* PostRequestUITests */,
			);
		};
/* End PBXProject section */

/* Begin PBXResourcesBuildPhase section */
		04C2E0221C5855ED00B4B554 /* Resources */ = {
			isa = PBXResourcesBuildPhase;
			buildActionMask = 2147483647;
			files = (
				04C2E0371C5855ED00B4B554 /* LaunchScreen.storyboard in Resources */,
				04C2E0341C5855ED00B4B554 /* Assets.xcassets in Resources */,
				04C2E0321C5855ED00B4B554 /* Main.storyboard in Resources */,
			);
			runOnlyForDeploymentPostprocessing = 0;
		};
		04C2E03B1C5855ED00B4B554 /* Resources */ = {
			isa = PBXResourcesBuildPhase;
			buildActionMask = 2147483647;
			files = (
			);
			runOnlyForDeploymentPostprocessing = 0;
		};
		04C2E0461C5855ED00B4B554 /* Resources */ = {
			isa = PBXResourcesBuildPhase;
			buildActionMask = 2147483647;
			files = (
			);
			runOnlyForDeploymentPostprocessing = 0;
		};
/* End PBXResourcesBuildPhase section */

/* Begin PBXSourcesBuildPhase section */
		04C2E0201C5855ED00B4B554 /* Sources */ = {
			isa = PBXSourcesBuildPhase;
			buildActionMask = 2147483647;
			files = (
				04C2E02F1C5855ED00B4B554 /* ViewController.m in Sources */,
				04C2E02C1C5855ED00B4B554 /* AppDelegate.m in Sources */,
				04C2E0291C5855ED00B4B554 /* main.m in Sources */,
			);
			runOnlyForDeploymentPostprocessing = 0;
		};
		04C2E0391C5855ED00B4B554 /* Sources */ = {
			isa = PBXSourcesBuildPhase;
			buildActionMask = 2147483647;
			files = (
				04C2E0421C5855ED00B4B554 /* PostRequestTests.m in Sources */,
			);
			runOnlyForDeploymentPostprocessing = 0;
		};
		04C2E0441C5855ED00B4B554 /* Sources */ = {
			isa = PBXSourcesBuildPhase;
			buildActionMask = 2147483647;
			files = (
				04C2E04D1C5855ED00B4B554 /* PostRequestUITests.m in Sources */,
			);
			runOnlyForDeploymentPostprocessing = 0;
		};
/* End PBXSourcesBuildPhase section */

/* Begin PBXTargetDependency section */
		04C2E03F1C5855ED00B4B554 /* PBXTargetDependency */ = {
			isa = PBXTargetDependency;
			target = 04C2E0231C5855ED00B4B554 /* PostRequest */;
			targetProxy = 04C2E03E1C5855ED00B4B554 /* PBXContainerItemProxy */;
		};
		04C2E04A1C5855ED00B4B554 /* PBXTargetDependency */ = {
			isa = PBXTargetDependency;
			target = 04C2E0231C5855ED00B4B554 /* PostRequest */;
			targetProxy = 04C2E0491C5855ED00B4B554 /* PBXContainerItemProxy */;
		};
/* End PBXTargetDependency section */

/* Begin PBXVariantGroup section */
		04C2E0301C5855ED00B4B554 /* Main.storyboard */ = {
			isa = PBXVariantGroup;
			children = (
				04C2E0311C5855ED00B4B554 /* Base */,
			);
			name = Main.storyboard;
			sourceTree = "<group>";
		};
		04C2E0351C5855ED00B4B554 /* LaunchScreen.storyboard */ = {
			isa = PBXVariantGroup;
			children = (
				04C2E0361C5855ED00B4B554 /* Base */,
			);
			name = LaunchScreen.storyboard;
			sourceTree = "<group>";
		};
/* End PBXVariantGroup section */

/* Begin XCBuildConfiguration section */
		04C2E04F1C5855ED00B4B554 /* Debug */ = {
			isa = XCBuildConfiguration;
			buildSettings = {
				ALWAYS_SEARCH_USER_PATHS = NO;
				CLANG_CXX_LANGUAGE_STANDARD = "gnu++0x";
				CLANG_CXX_LIBRARY = "libc++";
				CLANG_ENABLE_MODULES = YES;
				CLANG_ENABLE_OBJC_ARC = YES;
				CLANG_WARN_BOOL_CONVERSION = YES;
				CLANG_WARN_CONSTANT_CONVERSION = YES;
				CLANG_WARN_DIRECT_OBJC_ISA_USAGE = YES_ERROR;
				CLANG_WARN_EMPTY_BODY = YES;
				CLANG_WARN_ENUM_CONVERSION = YES;
				CLANG_WARN_INT_CONVERSION = YES;
				CLANG_WARN_OBJC_ROOT_CLASS = YES_ERROR;
				CLANG_WARN_UNREACHABLE_CODE = YES;
				CLANG_WARN__DUPLICATE_METHOD_MATCH = YES;
				"CODE_SIGN_IDENTITY[sdk=iphoneos*]" = "iPhone Developer";
				COPY_PHASE_STRIP = NO;
				DEBUG_INFORMATION_FORMAT = dwarf;
				ENABLE_STRICT_OBJC_MSGSEND = YES;
				ENABLE_TESTABILITY = YES;
				GCC_C_LANGUAGE_STANDARD = gnu99;
				GCC_DYNAMIC_NO_PIC = NO;
				GCC_NO_COMMON_BLOCKS = YES;
				GCC_OPTIMIZATION_LEVEL = 0;
				GCC_PREPROCESSOR_DEFINITIONS = (
					"DEBUG=1",
					"$(inherited)",
				);
				GCC_WARN_64_TO_32_BIT_CONVERSION = YES;
				GCC_WARN_ABOUT_RETURN_TYPE = YES_ERROR;
				GCC_WARN_UNDECLARED_SELECTOR = YES;
				GCC_WARN_UNINITIALIZED_AUTOS = YES_AGGRESSIVE;
				GCC_WARN_UNUSED_FUNCTION = YES;
				GCC_WARN_UNUSED_VARIABLE = YES;
				IPHONEOS_DEPLOYMENT_TARGET = 9.1;
				MTL_ENABLE_DEBUG_INFO = YES;
				ONLY_ACTIVE_ARCH = YES;
				SDKROOT = iphoneos;
			};
			name = Debug;
		};
		04C2E0501C5855ED00B4B554 /* Release */ = {
			isa = XCBuildConfiguration;
			buildSettings = {
				ALWAYS_SEARCH_USER_PATHS = NO;
				CLANG_CXX_LANGUAGE_STANDARD = "gnu++0x";
				CLANG_CXX_LIBRARY = "libc++";
				CLANG_ENABLE_MODULES = YES;
				CLANG_ENABLE_OBJC_ARC = YES;
				CLANG_WARN_BOOL_CONVERSION = YES;
				CLANG_WARN_CONSTANT_CONVERSION = YES;
				CLANG_WARN_DIRECT_OBJC_ISA_USAGE = YES_ERROR;
				CLANG_WARN_EMPTY_BODY = YES;
				CLANG_WARN_ENUM_CONVERSION = YES;
				CLANG_WARN_INT_CONVERSION = YES;
				CLANG_WARN_OBJC_ROOT_CLASS = YES_ERROR;
				CLANG_WARN_UNREACHABLE_CODE = YES;
				CLANG_WARN__DUPLICATE_METHOD_MATCH = YES;
				"CODE_SIGN_IDENTITY[sdk=iphoneos*]" = "iPhone Developer";
				COPY_PHASE_STRIP = NO;
				DEBUG_INFORMATION_FORMAT = "dwarf-with-dsym";
				ENABLE_NS_ASSERTIONS = NO;
				ENABLE_STRICT_OBJC_MSGSEND = YES;
				GCC_C_LANGUAGE_STANDARD = gnu99;
				GCC_NO_COMMON_BLOCKS = YES;
				GCC_WARN_64_TO_32_BIT_CONVERSION = YES;
				GCC_WARN_ABOUT_RETURN_TYPE = YES_ERROR;
				GCC_WARN_UNDECLARED_SELECTOR = YES;
				GCC_WARN_UNINITIALIZED_AUTOS = YES_AGGRESSIVE;
				GCC_WARN_UNUSED_FUNCTION = YES;
				GCC_WARN_UNUSED_VARIABLE = YES;
				IPHONEOS_DEPLOYMENT_TARGET = 9.1;
				MTL_ENABLE_DEBUG_INFO = NO;
				SDKROOT = iphoneos;
				VALIDATE_PRODUCT = YES;
			};
			name = Release;
		};
		04C2E0521C5855ED00B4B554 /* Debug */ = {
			isa = XCBuildConfiguration;
			buildSettings = {
				ASSETCATALOG_COMPILER_APPICON_NAME = AppIcon;
				CLANG_ENABLE_OBJC_ARC = NO;
				INFOPLIST_FILE = PostRequest/Info.plist;
				LD_RUNPATH_SEARCH_PATHS = "$(inherited) @executable_path/Frameworks";
				PRODUCT_BUNDLE_IDENTIFIER = "--lu.PostRequest";
				PRODUCT_NAME = "$(TARGET_NAME)";
			};
			name = Debug;
		};
		04C2E0531C5855ED00B4B554 /* Release */ = {
			isa = XCBuildConfiguration;
			buildSettings = {
				ASSETCATALOG_COMPILER_APPICON_NAME = AppIcon;
				CLANG_ENABLE_OBJC_ARC = NO;
				INFOPLIST_FILE = PostRequest/Info.plist;
				LD_RUNPATH_SEARCH_PATHS = "$(inherited) @executable_path/Frameworks";
				PRODUCT_BUNDLE_IDENTIFIER = "--lu.PostRequest";
				PRODUCT_NAME = "$(TARGET_NAME)";
			};
			name = Release;
		};
		04C2E0551C5855ED00B4B554 /* Debug */ = {
			isa = XCBuildConfiguration;
			buildSettings = {
				BUNDLE_LOADER = "$(TEST_HOST)";
				INFOPLIST_FILE = PostRequestTests/Info.plist;
				LD_RUNPATH_SEARCH_PATHS = "$(inherited) @executable_path/Frameworks @loader_path/Frameworks";
				PRODUCT_BUNDLE_IDENTIFIER = "--lu.PostRequestTests";
				PRODUCT_NAME = "$(TARGET_NAME)";
				TEST_HOST = "$(BUILT_PRODUCTS_DIR)/PostRequest.app/PostRequest";
			};
			name = Debug;
		};
		04C2E0561C5855ED00B4B554 /* Release */ = {
			isa = XCBuildConfiguration;
			buildSettings = {
				BUNDLE_LOADER = "$(TEST_HOST)";
				INFOPLIST_FILE = PostRequestTests/Info.plist;
				LD_RUNPATH_SEARCH_PATHS = "$(inherited) @executable_path/Frameworks @loader_path/Frameworks";
				PRODUCT_BUNDLE_IDENTIFIER = "--lu.PostRequestTests";
				PRODUCT_NAME = "$(TARGET_NAME)";
				TEST_HOST = "$(BUILT_PRODUCTS_DIR)/PostRequest.app/PostRequest";
			};
			name = Release;
		};
		04C2E0581C5855ED00B4B554 /* Debug */ = {
			isa = XCBuildConfiguration;
			buildSettings = {
				INFOPLIST_FILE = PostRequestUITests/Info.plist;
				LD_RUNPATH_SEARCH_PATHS = "$(inherited) @executable_path/Frameworks @loader_path/Frameworks";
				PRODUCT_BUNDLE_IDENTIFIER = "--lu.PostRequestUITests";
				PRODUCT_NAME = "$(TARGET_NAME)";
				TEST_TARGET_NAME = PostRequest;
				USES_XCTRUNNER = YES;
			};
			name = Debug;
		};
		04C2E0591C5855ED00B4B554 /* Release */ = {
			isa = XCBuildConfiguration;
			buildSettings = {
				INFOPLIST_FILE = PostRequestUITests/Info.plist;
				LD_RUNPATH_SEARCH_PATHS = "$(inherited) @executable_path/Frameworks @loader_path/Frameworks";
				PRODUCT_BUNDLE_IDENTIFIER = "--lu.PostRequestUITests";
				PRODUCT_NAME = "$(TARGET_NAME)";
				TEST_TARGET_NAME = PostRequest;
				USES_XCTRUNNER = YES;
			};
			name = Release;
		};
/* End XCBuildConfiguration section */

/* Begin XCConfigurationList section */
		04C2E01F1C5855ED00B4B554 /* Build configuration list for PBXProject "PostRequest" */ = {
			isa = XCConfigurationList;
			buildConfigurations = (
				04C2E04F1C5855ED00B4B554 /* Debug */,
				04C2E0501C5855ED00B4B554 /* Release */,
			);
			defaultConfigurationIsVisible = 0;
			defaultConfigurationName = Release;
		};
		04C2E0511C5855ED00B4B554 /* Build configuration list for PBXNativeTarget "PostRequest" */ = {
			isa = XCConfigurationList;
			buildConfigurations = (
				04C2E0521C5855ED00B4B554 /* Debug */,
				04C2E0531C5855ED00B4B554 /* Release */,
			);
			defaultConfigurationIsVisible = 0;
		};
		04C2E0541C5855ED00B4B554 /* Build configuration list for PBXNativeTarget "PostRequestTests" */ = {
			isa = XCConfigurationList;
			buildConfigurations = (
				04C2E0551C5855ED00B4B554 /* Debug */,
				04C2E0561C5855ED00B4B554 /* Release */,
			);
			defaultConfigurationIsVisible = 0;
		};
		04C2E0571C5855ED00B4B554 /* Build configuration list for PBXNativeTarget "PostRequestUITests" */ = {
			isa = XCConfigurationList;
			buildConfigurations = (
				04C2E0581C5855ED00B4B554 /* Debug */,
				04C2E0591C5855ED00B4B554 /* Release */,
			);
			defaultConfigurationIsVisible = 0;
		};
/* End XCConfigurationList section */
	};
	rootObject = 04C2E01C1C5855ED00B4B554 /* Project object */;
}
